
Microsoft Visual Studio Solution File, Format Version 12.00
# Visual Studio 14
VisualStudioVersion = 14.0.25420.1
MinimumVisualStudioVersion = 10.0.40219.1
Project("{FAE04EC0-301F-11D3-BF4B-00C04F79EFBC}") = "SqaAssignment", "SqaAssignment\SqaAssignment.csproj", "{259C56C0-4EB5-4766-889A-DBC4E6A52E69}"
EndProject
Project("{FAE04EC0-301F-11D3-BF4B-00C04F79EFBC}") = "SqaAssignment.Tests", "SqaAssignment.Tests\SqaAssignment.Tests.csproj", "{50C8E13B-146B-40DF-8BF4-2D02B77B77BB}"
EndProject
Global
	GlobalSection(SolutionConfigurationPlatforms) = preSolution
		Debug|Any CPU = Debug|Any CPU
		Release|Any CPU = Release|Any CPU
	EndGlobalSection
	GlobalSection(ProjectConfigurationPlatforms) = postSolution
		{259C56C0-4EB5-4766-889A-DBC4E6A52E69}.Debug|Any CPU.ActiveCfg = Debug|Any CPU
		{259C56C0-4EB5-4766-889A-DBC4E6A52E69}.Debug|Any CPU.Build.0 = Debug|Any CPU
		{259C56C0-4EB5-4766-889A-DBC4E6A52E69}.Release|Any CPU.ActiveCfg = Release|Any CPU
		{259C56C0-4EB5-4766-889A-DBC4E6A52E69}.Release|Any CPU.Build.0 = Release|Any CPU
		{50C8E13B-146B-40DF-8BF4-2D02B77B77BB}.Debug|Any CPU.ActiveCfg = Debug|Any CPU
		{50C8E13B-146B-40DF-8BF4-2D02B77B77BB}.Debug|Any CPU.Build.0 = Debug|Any CPU
		{50C8E13B-146B-40DF-8BF4-2D02B77B77BB}.Release|Any CPU.ActiveCfg = Release|Any CPU
		{50C8E13B-146B-40DF-8BF4-2D02B77B77BB}.Release|Any CPU.Build.0 = Release|Any CPU
	EndGlobalSection
	GlobalSection(SolutionProperties) = preSolution
		HideSolutionNode = FALSE
	EndGlobalSection
EndGlobal
